Microsoft Visual Studio Solution File, Format Version 12.00
# Visual Studio Version 17
VisualStudioVersion = 17.13.35825.156
MinimumVisualStudioVersion = 10.0.40219.1
Project("{FAE04EC0-301F-11D3-BF4B-00C04F79EFBC}") = "2", "2\2.csproj", "{EFDA6BF5-DDB5-48B6-977E-A6AB747EFE2D}"
EndProject
Global
	GlobalSection(SolutionConfigurationPlatforms) = preSolution
		Debug|Any CPU = Debug|Any CPU
		Release|Any CPU = Release|Any CPU
	EndGlobalSection
	GlobalSection(ProjectConfigurationPlatforms) = postSolution
		{EFDA6BF5-DDB5-48B6-977E-A6AB747EFE2D}.Debug|Any CPU.ActiveCfg = Debug|Any CPU
		{EFDA6BF5-DDB5-48B6-977E-A6AB747EFE2D}.Debug|Any CPU.Build.0 = Debug|Any CPU
		{EFDA6BF5-DDB5-48B6-977E-A6AB747EFE2D}.Release|Any CPU.ActiveCfg = Release|Any CPU
		{EFDA6BF5-DDB5-48B6-977E-A6AB747EFE2D}.Release|Any CPU.Build.0 = Release|Any CPU
	EndGlobalSection
	GlobalSection(SolutionProperties) = preSolution
		HideSolutionNode = FALSE
	EndGlobalSection
	GlobalSection(ExtensibilityGlobals) = postSolution
		SolutionGuid = {BEA32909-4CFC-4484-A067-84EEABC415D8}
	EndGlobalSection
EndGlobal
