Microsoft Visual Studio Solution File, Format Version 12.00
# Visual Studio Version 17
VisualStudioVersion = 17.13.35825.156
MinimumVisualStudioVersion = 10.0.40219.1
Project("{FAE04EC0-301F-11D3-BF4B-00C04F79EFBC}") = "WinTimer2", "WinTimer2\WinTimer2.csproj", "{61EEA2E7-24A0-4A66-AEB8-949D1864F321}"
EndProject
Global
	GlobalSection(SolutionConfigurationPlatforms) = preSolution
		Debug|Any CPU = Debug|Any CPU
		Release|Any CPU = Release|Any CPU
	EndGlobalSection
	GlobalSection(ProjectConfigurationPlatforms) = postSolution
		{61EEA2E7-24A0-4A66-AEB8-949D1864F321}.Debug|Any CPU.ActiveCfg = Debug|Any CPU
		{61EEA2E7-24A0-4A66-AEB8-949D1864F321}.Debug|Any CPU.Build.0 = Debug|Any CPU
		{61EEA2E7-24A0-4A66-AEB8-949D1864F321}.Release|Any CPU.ActiveCfg = Release|Any CPU
		{61EEA2E7-24A0-4A66-AEB8-949D1864F321}.Release|Any CPU.Build.0 = Release|Any CPU
	EndGlobalSection
	GlobalSection(SolutionProperties) = preSolution
		HideSolutionNode = FALSE
	EndGlobalSection
	GlobalSection(ExtensibilityGlobals) = postSolution
		SolutionGuid = {398C3B6F-B922-4C38-BFFB-A8FA7E035E67}
	EndGlobalSection
EndGlobal
