Microsoft Visual Studio Solution File, Format Version 12.00
# Visual Studio Version 17
VisualStudioVersion = 17.13.35825.156
MinimumVisualStudioVersion = 10.0.40219.1
Project("{FAE04EC0-301F-11D3-BF4B-00C04F79EFBC}") = "WinTimer1", "WinTimer1\WinTimer1.csproj", "{F29AFD13-C5C4-4413-9E7A-298996886926}"
EndProject
Global
	GlobalSection(SolutionConfigurationPlatforms) = preSolution
		Debug|Any CPU = Debug|Any CPU
		Release|Any CPU = Release|Any CPU
	EndGlobalSection
	GlobalSection(ProjectConfigurationPlatforms) = postSolution
		{F29AFD13-C5C4-4413-9E7A-298996886926}.Debug|Any CPU.ActiveCfg = Debug|Any CPU
		{F29AFD13-C5C4-4413-9E7A-298996886926}.Debug|Any CPU.Build.0 = Debug|Any CPU
		{F29AFD13-C5C4-4413-9E7A-298996886926}.Release|Any CPU.ActiveCfg = Release|Any CPU
		{F29AFD13-C5C4-4413-9E7A-298996886926}.Release|Any CPU.Build.0 = Release|Any CPU
	EndGlobalSection
	GlobalSection(SolutionProperties) = preSolution
		HideSolutionNode = FALSE
	EndGlobalSection
	GlobalSection(ExtensibilityGlobals) = postSolution
		SolutionGuid = {BCB81977-61B6-4FC9-97F1-BFCA06644D1D}
	EndGlobalSection
EndGlobal
