Microsoft Visual Studio Solution File, Format Version 12.00
# Visual Studio Version 17
VisualStudioVersion = 17.13.35825.156
MinimumVisualStudioVersion = 10.0.40219.1
Project("{FAE04EC0-301F-11D3-BF4B-00C04F79EFBC}") = "WinLanguage", "WinLanguage\WinLanguage.csproj", "{407AD24B-025F-42A4-BF41-D88F3755BCFB}"
EndProject
Global
	GlobalSection(SolutionConfigurationPlatforms) = preSolution
		Debug|Any CPU = Debug|Any CPU
		Release|Any CPU = Release|Any CPU
	EndGlobalSection
	GlobalSection(ProjectConfigurationPlatforms) = postSolution
		{407AD24B-025F-42A4-BF41-D88F3755BCFB}.Debug|Any CPU.ActiveCfg = Debug|Any CPU
		{407AD24B-025F-42A4-BF41-D88F3755BCFB}.Debug|Any CPU.Build.0 = Debug|Any CPU
		{407AD24B-025F-42A4-BF41-D88F3755BCFB}.Release|Any CPU.ActiveCfg = Release|Any CPU
		{407AD24B-025F-42A4-BF41-D88F3755BCFB}.Release|Any CPU.Build.0 = Release|Any CPU
	EndGlobalSection
	GlobalSection(SolutionProperties) = preSolution
		HideSolutionNode = FALSE
	EndGlobalSection
	GlobalSection(ExtensibilityGlobals) = postSolution
		SolutionGuid = {15A12C66-C7F9-4528-8D5F-1D174FA544E4}
	EndGlobalSection
EndGlobal
