Microsoft Visual Studio Solution File, Format Version 12.00
# Visual Studio Version 17
VisualStudioVersion = 17.13.35825.156
MinimumVisualStudioVersion = 10.0.40219.1
Project("{FAE04EC0-301F-11D3-BF4B-00C04F79EFBC}") = "1", "1\1.csproj", "{DA574733-3581-415F-94EC-A90DBAD3118E}"
EndProject
Global
	GlobalSection(SolutionConfigurationPlatforms) = preSolution
		Debug|Any CPU = Debug|Any CPU
		Release|Any CPU = Release|Any CPU
	EndGlobalSection
	GlobalSection(ProjectConfigurationPlatforms) = postSolution
		{DA574733-3581-415F-94EC-A90DBAD3118E}.Debug|Any CPU.ActiveCfg = Debug|Any CPU
		{DA574733-3581-415F-94EC-A90DBAD3118E}.Debug|Any CPU.Build.0 = Debug|Any CPU
		{DA574733-3581-415F-94EC-A90DBAD3118E}.Release|Any CPU.ActiveCfg = Release|Any CPU
		{DA574733-3581-415F-94EC-A90DBAD3118E}.Release|Any CPU.Build.0 = Release|Any CPU
	EndGlobalSection
	GlobalSection(SolutionProperties) = preSolution
		HideSolutionNode = FALSE
	EndGlobalSection
	GlobalSection(ExtensibilityGlobals) = postSolution
		SolutionGuid = {7B688000-E284-4DEC-96DA-4D3FF17AC8FA}
	EndGlobalSection
EndGlobal
